
Microsoft Visual Studio Solution File, Format Version 12.00
# Visual Studio Version 16
VisualStudioVersion = 16.0.29519.87
MinimumVisualStudioVersion = 10.0.40219.1
Project("{FAE04EC0-301F-11D3-BF4B-00C04F79EFBC}") = "Brains", "Brains\Brains.csproj", "{88B11CA6-D097-41EB-8F88-1AFD4CA4D87D}"
EndProject
Global
	GlobalSection(SolutionConfigurationPlatforms) = preSolution
		Debug|Any CPU = Debug|Any CPU
		Release|Any CPU = Release|Any CPU
	EndGlobalSection
	GlobalSection(ProjectConfigurationPlatforms) = postSolution
		{88B11CA6-D097-41EB-8F88-1AFD4CA4D87D}.Debug|Any CPU.ActiveCfg = Debug|Any CPU
		{88B11CA6-D097-41EB-8F88-1AFD4CA4D87D}.Debug|Any CPU.Build.0 = Debug|Any CPU
		{88B11CA6-D097-41EB-8F88-1AFD4CA4D87D}.Release|Any CPU.ActiveCfg = Release|Any CPU
		{88B11CA6-D097-41EB-8F88-1AFD4CA4D87D}.Release|Any CPU.Build.0 = Release|Any CPU
	EndGlobalSection
	GlobalSection(SolutionProperties) = preSolution
		HideSolutionNode = FALSE
	EndGlobalSection
	GlobalSection(ExtensibilityGlobals) = postSolution
		SolutionGuid = {369542CE-20C3-473D-99E3-BA1952B1D9D8}
	EndGlobalSection
EndGlobal
